// !$*UTF8*$!
{
	archiveVersion = 1;
	classes = {
	};
	objectVersion = 46;
	objects = {

/* Begin PBXBuildFile section */
		524A26C61D474B1A00BDB306 /* MainTableViewController.swift in Sources */ = {isa = PBXBuildFile; fileRef = 524A26BD1D474B1A00BDB306 /* MainTableViewController.swift */; };
		524A26C71D474B1A00BDB306 /* PureCodeViewController.swift in Sources */ = {isa = PBXBuildFile; fileRef = 524A26BE1D474B1A00BDB306 /* PureCodeViewController.swift */; };
		524A26C81D474B1A00BDB306 /* StoryboardViewController.swift in Sources */ = {isa = PBXBuildFile; fileRef = 524A26BF1D474B1A00BDB306 /* StoryboardViewController.swift */; };
		524A26C91D474B1A00BDB306 /* TableviewHeaderViewController.swift in Sources */ = {isa = PBXBuildFile; fileRef = 524A26C01D474B1A00BDB306 /* TableviewHeaderViewController.swift */; };
		524A26CA1D474B1A00BDB306 /* Main.storyboard in Resources */ = {isa = PBXBuildFile; fileRef = 524A26C11D474B1A00BDB306 /* Main.storyboard */; };
		524A26CB1D474B1A00BDB306 /* placeholder.jpg in Resources */ = {isa = PBXBuildFile; fileRef = 524A26C21D474B1A00BDB306 /* placeholder.jpg */; };
		524A26CC1D474B1A00BDB306 /* p0.jpg in Resources */ = {isa = PBXBuildFile; fileRef = 524A26C31D474B1A00BDB306 /* p0.jpg */; };
		524A26CD1D474B1A00BDB306 /* p1.jpg in Resources */ = {isa = PBXBuildFile; fileRef = 524A26C41D474B1A00BDB306 /* p1.jpg */; };
		524A26CE1D474B1A00BDB306 /* p2.jpg in Resources */ = {isa = PBXBuildFile; fileRef = 524A26C51D474B1A00BDB306 /* p2.jpg */; };
		607FACD61AFB9204008FA782 /* AppDelegate.swift in Sources */ = {isa = PBXBuildFile; fileRef = 607FACD51AFB9204008FA782 /* AppDelegate.swift */; };
		607FACD81AFB9204008FA782 /* ViewController.swift in Sources */ = {isa = PBXBuildFile; fileRef = 607FACD71AFB9204008FA782 /* ViewController.swift */; };
		607FACDD1AFB9204008FA782 /* Images.xcassets in Resources */ = {isa = PBXBuildFile; fileRef = 607FACDC1AFB9204008FA782 /* Images.xcassets */; };
		607FACE01AFB9204008FA782 /* LaunchScreen.xib in Resources */ = {isa = PBXBuildFile; fileRef = 607FACDE1AFB9204008FA782 /* LaunchScreen.xib */; };
		D84B5BB4BA281C702F2437BD /* Pods_ParallexBanner_Example.framework in Frameworks */ = {isa = PBXBuildFile; fileRef = 51BFCE84F7B5E9907220F5C5 /* Pods_ParallexBanner_Example.framework */; };
/* End PBXBuildFile section */

/* Begin PBXFileReference section */
		1D9F0E82810E539186EE48CB /* Pods-ParallexBanner_Tests.debug.xcconfig */ = {isa = PBXFileReference; includeInIndex = 1; lastKnownFileType = text.xcconfig; name = "Pods-ParallexBanner_Tests.debug.xcconfig"; path = "Pods/Target Support Files/Pods-ParallexBanner_Tests/Pods-ParallexBanner_Tests.debug.xcconfig"; sourceTree = "<group>"; };
		51BFCE84F7B5E9907220F5C5 /* Pods_ParallexBanner_Example.framework */ = {isa = PBXFileReference; explicitFileType = wrapper.framework; includeInIndex = 0; path = Pods_ParallexBanner_Example.framework; sourceTree = BUILT_PRODUCTS_DIR; };
		524A26BD1D474B1A00BDB306 /* MainTableViewController.swift */ = {isa = PBXFileReference; fileEncoding = 4; lastKnownFileType = sourcecode.swift; path = MainTableViewController.swift; sourceTree = "<group>"; };
		524A26BE1D474B1A00BDB306 /* PureCodeViewController.swift */ = {isa = PBXFileReference; fileEncoding = 4; lastKnownFileType = sourcecode.swift; path = PureCodeViewController.swift; sourceTree = "<group>"; };
		524A26BF1D474B1A00BDB306 /* StoryboardViewController.swift */ = {isa = PBXFileReference; fileEncoding = 4; lastKnownFileType = sourcecode.swift; path = StoryboardViewController.swift; sourceTree = "<group>"; };
		524A26C01D474B1A00BDB306 /* TableviewHeaderViewController.swift */ = {isa = PBXFileReference; fileEncoding = 4; lastKnownFileType = sourcecode.swift; path = TableviewHeaderViewController.swift; sourceTree = "<group>"; };
		524A26C11D474B1A00BDB306 /* Main.storyboard */ = {isa = PBXFileReference; fileEncoding = 4; lastKnownFileType = file.storyboard; path = Main.storyboard; sourceTree = "<group>"; };
		524A26C21D474B1A00BDB306 /* placeholder.jpg */ = {isa = PBXFileReference; lastKnownFileType = image.jpeg; path = placeholder.jpg; sourceTree = "<group>"; };
		524A26C31D474B1A00BDB306 /* p0.jpg */ = {isa = PBXFileReference; lastKnownFileType = image.jpeg; path = p0.jpg; sourceTree = "<group>"; };
		524A26C41D474B1A00BDB306 /* p1.jpg */ = {isa = PBXFileReference; lastKnownFileType = image.jpeg; path = p1.jpg; sourceTree = "<group>"; };
		524A26C51D474B1A00BDB306 /* p2.jpg */ = {isa = PBXFileReference; lastKnownFileType = image.jpeg; path = p2.jpg; sourceTree = "<group>"; };
		607FACD01AFB9204008FA782 /* ParallexBanner_Example.app */ = {isa = PBXFileReference; explicitFileType = wrapper.application; includeInIndex = 0; path = ParallexBanner_Example.app; sourceTree = BUILT_PRODUCTS_DIR; };
		607FACD41AFB9204008FA782 /* Info.plist */ = {isa = PBXFileReference; lastKnownFileType = text.plist.xml; path = Info.plist; sourceTree = "<group>"; };
		607FACD51AFB9204008FA782 /* AppDelegate.swift */ = {isa = PBXFileReference; lastKnownFileType = sourcecode.swift; path = AppDelegate.swift; sourceTree = "<group>"; };
		607FACD71AFB9204008FA782 /* ViewController.swift */ = {isa = PBXFileReference; lastKnownFileType = sourcecode.swift; path = ViewController.swift; sourceTree = "<group>"; };
		607FACDC1AFB9204008FA782 /* Images.xcassets */ = {isa = PBXFileReference; lastKnownFileType = folder.assetcatalog; path = Images.xcassets; sourceTree = "<group>"; };
		607FACDF1AFB9204008FA782 /* Base */ = {isa = PBXFileReference; lastKnownFileType = file.xib; name = Base; path = Base.lproj/LaunchScreen.xib; sourceTree = "<group>"; };
		7919242E5603B2A3082B0D4C /* README.md */ = {isa = PBXFileReference; includeInIndex = 1; lastKnownFileType = net.daringfireball.markdown; name = README.md; path = ../README.md; sourceTree = "<group>"; };
		9FD11099320CF11FAF5E4F5F /* Pods-ParallexBanner_Tests.release.xcconfig */ = {isa = PBXFileReference; includeInIndex = 1; lastKnownFileType = text.xcconfig; name = "Pods-ParallexBanner_Tests.release.xcconfig"; path = "Pods/Target Support Files/Pods-ParallexBanner_Tests/Pods-ParallexBanner_Tests.release.xcconfig"; sourceTree = "<group>"; };
		A459DD74BBE080A2698782A5 /* Pods_ParallexBanner_Tests.framework */ = {isa = PBXFileReference; explicitFileType = wrapper.framework; includeInIndex = 0; path = Pods_ParallexBanner_Tests.framework; sourceTree = BUILT_PRODUCTS_DIR; };
		C23D15E7758EC3C85334DBA8 /* ParallexBanner.podspec */ = {isa = PBXFileReference; includeInIndex = 1; lastKnownFileType = text; name = ParallexBanner.podspec; path = ../ParallexBanner.podspec; sourceTree = "<group>"; };
		CE9B30DD6326E2D9F0B39D1F /* Pods-ParallexBanner_Example.debug.xcconfig */ = {isa = PBXFileReference; includeInIndex = 1; lastKnownFileType = text.xcconfig; name = "Pods-ParallexBanner_Example.debug.xcconfig"; path = "Pods/Target Support Files/Pods-ParallexBanner_Example/Pods-ParallexBanner_Example.debug.xcconfig"; sourceTree = "<group>"; };
		E1E5C1062150AE2E3FD0FED9 /* LICENSE */ = {isa = PBXFileReference; includeInIndex = 1; lastKnownFileType = text; name = LICENSE; path = ../LICENSE; sourceTree = "<group>"; };
		F15D8E6114942621A08B7E68 /* Pods-ParallexBanner_Example.release.xcconfig */ = {isa = PBXFileReference; includeInIndex = 1; lastKnownFileType = text.xcconfig; name = "Pods-ParallexBanner_Example.release.xcconfig"; path = "Pods/Target Support Files/Pods-ParallexBanner_Example/Pods-ParallexBanner_Example.release.xcconfig"; sourceTree = "<group>"; };
/* End PBXFileReference section */

/* Begin PBXFrameworksBuildPhase section */
		607FACCD1AFB9204008FA782 /* Frameworks */ = {
			isa = PBXFrameworksBuildPhase;
			buildActionMask = 2147483647;
			files = (
				D84B5BB4BA281C702F2437BD /* Pods_ParallexBanner_Example.framework in Frameworks */,
			);
			runOnlyForDeploymentPostprocessing = 0;
		};
/* End PBXFrameworksBuildPhase section */

/* Begin PBXGroup section */
		607FACC71AFB9204008FA782 = {
			isa = PBXGroup;
			children = (
				607FACF51AFB993E008FA782 /* Podspec Metadata */,
				607FACD21AFB9204008FA782 /* Example for ParallexBanner */,
				607FACD11AFB9204008FA782 /* Products */,
				AD6E3B67D62063E257D92EE0 /* Pods */,
				CADA3069999B2CF0938C1F9F /* Frameworks */,
			);
			sourceTree = "<group>";
		};
		607FACD11AFB9204008FA782 /* Products */ = {
			isa = PBXGroup;
			children = (
				607FACD01AFB9204008FA782 /* ParallexBanner_Example.app */,
			);
			name = Products;
			sourceTree = "<group>";
		};
		607FACD21AFB9204008FA782 /* Example for ParallexBanner */ = {
			isa = PBXGroup;
			children = (
				607FACD51AFB9204008FA782 /* AppDelegate.swift */,
				607FACD71AFB9204008FA782 /* ViewController.swift */,
				524A26BD1D474B1A00BDB306 /* MainTableViewController.swift */,
				524A26BE1D474B1A00BDB306 /* PureCodeViewController.swift */,
				524A26BF1D474B1A00BDB306 /* StoryboardViewController.swift */,
				524A26C01D474B1A00BDB306 /* TableviewHeaderViewController.swift */,
				524A26C11D474B1A00BDB306 /* Main.storyboard */,
				607FACD31AFB9204008FA782 /* Supporting Files */,
			);
			name = "Example for ParallexBanner";
			path = ParallexBanner;
			sourceTree = "<group>";
		};
		607FACD31AFB9204008FA782 /* Supporting Files */ = {
			isa = PBXGroup;
			children = (
				607FACDC1AFB9204008FA782 /* Images.xcassets */,
				524A26C21D474B1A00BDB306 /* placeholder.jpg */,
				524A26C31D474B1A00BDB306 /* p0.jpg */,
				524A26C41D474B1A00BDB306 /* p1.jpg */,
				524A26C51D474B1A00BDB306 /* p2.jpg */,
				607FACDE1AFB9204008FA782 /* LaunchScreen.xib */,
				607FACD41AFB9204008FA782 /* Info.plist */,
			);
			name = "Supporting Files";
			sourceTree = "<group>";
		};
		607FACF51AFB993E008FA782 /* Podspec Metadata */ = {
			isa = PBXGroup;
			children = (
				C23D15E7758EC3C85334DBA8 /* ParallexBanner.podspec */,
				7919242E5603B2A3082B0D4C /* README.md */,
				E1E5C1062150AE2E3FD0FED9 /* LICENSE */,
			);
			name = "Podspec Metadata";
			sourceTree = "<group>";
		};
		AD6E3B67D62063E257D92EE0 /* Pods */ = {
			isa = PBXGroup;
			children = (
				CE9B30DD6326E2D9F0B39D1F /* Pods-ParallexBanner_Example.debug.xcconfig */,
				F15D8E6114942621A08B7E68 /* Pods-ParallexBanner_Example.release.xcconfig */,
				1D9F0E82810E539186EE48CB /* Pods-ParallexBanner_Tests.debug.xcconfig */,
				9FD11099320CF11FAF5E4F5F /* Pods-ParallexBanner_Tests.release.xcconfig */,
			);
			name = Pods;
			sourceTree = "<group>";
		};
		CADA3069999B2CF0938C1F9F /* Frameworks */ = {
			isa = PBXGroup;
			children = (
				51BFCE84F7B5E9907220F5C5 /* Pods_ParallexBanner_Example.framework */,
				A459DD74BBE080A2698782A5 /* Pods_ParallexBanner_Tests.framework */,
			);
			name = Frameworks;
			sourceTree = "<group>";
		};
/* End PBXGroup section */

/* Begin PBXNativeTarget section */
		607FACCF1AFB9204008FA782 /* ParallexBanner_Example */ = {
			isa = PBXNativeTarget;
			buildConfigurationList = 607FACEF1AFB9204008FA782 /* Build configuration list for PBXNativeTarget "ParallexBanner_Example" */;
			buildPhases = (
				B6B8D55F36E531D8CD885933 /* 📦 Check Pods Manifest.lock */,
				607FACCC1AFB9204008FA782 /* Sources */,
				607FACCD1AFB9204008FA782 /* Frameworks */,
				607FACCE1AFB9204008FA782 /* Resources */,
				A840C60E7C77546D5688010A /* 📦 Embed Pods Frameworks */,
				9C3E9DB9B7A07DFBBBE279A2 /* 📦 Copy Pods Resources */,
			);
			buildRules = (
			);
			dependencies = (
			);
			name = ParallexBanner_Example;
			productName = ParallexBanner;
			productReference = 607FACD01AFB9204008FA782 /* ParallexBanner_Example.app */;
			productType = "com.apple.product-type.application";
		};
/* End PBXNativeTarget section */

/* Begin PBXProject section */
		607FACC81AFB9204008FA782 /* Project object */ = {
			isa = PBXProject;
			attributes = {
				LastSwiftUpdateCheck = 0720;
				LastUpgradeCheck = 0720;
				ORGANIZATIONNAME = CocoaPods;
				TargetAttributes = {
					607FACCF1AFB9204008FA782 = {
						CreatedOnToolsVersion = 6.3.1;
					};
				};
			};
			buildConfigurationList = 607FACCB1AFB9204008FA782 /* Build configuration list for PBXProject "ParallexBanner" */;
			compatibilityVersion = "Xcode 3.2";
			developmentRegion = English;
			hasScannedForEncodings = 0;
			knownRegions = (
				en,
				Base,
			);
			mainGroup = 607FACC71AFB9204008FA782;
			productRefGroup = 607FACD11AFB9204008FA782 /* Products */;
			projectDirPath = "";
			projectRoot = "";
			targets = (
				607FACCF1AFB9204008FA782 /* ParallexBanner_Example */,
			);
		};
/* End PBXProject section */

/* Begin PBXResourcesBuildPhase section */
		607FACCE1AFB9204008FA782 /* Resources */ = {
			isa = PBXResourcesBuildPhase;
			buildActionMask = 2147483647;
			files = (
				524A26CD1D474B1A00BDB306 /* p1.jpg in Resources */,
				524A26CC1D474B1A00BDB306 /* p0.jpg in Resources */,
				524A26CE1D474B1A00BDB306 /* p2.jpg in Resources */,
				524A26CA1D474B1A00BDB306 /* Main.storyboard in Resources */,
				524A26CB1D474B1A00BDB306 /* placeholder.jpg in Resources */,
				607FACE01AFB9204008FA782 /* LaunchScreen.xib in Resources */,
				607FACDD1AFB9204008FA782 /* Images.xcassets in Resources */,
			);
			runOnlyForDeploymentPostprocessing = 0;
		};
/* End PBXResourcesBuildPhase section */

/* Begin PBXShellScriptBuildPhase section */
		9C3E9DB9B7A07DFBBBE279A2 /* 📦 Copy Pods Resources */ = {
			isa = PBXShellScriptBuildPhase;
			buildActionMask = 2147483647;
			files = (
			);
			inputPaths = (
			);
			name = "📦 Copy Pods Resources";
			outputPaths = (
			);
			runOnlyForDeploymentPostprocessing = 0;
			shellPath = /bin/sh;
			shellScript = "\"${SRCROOT}/Pods/Target Support Files/Pods-ParallexBanner_Example/Pods-ParallexBanner_Example-resources.sh\"\n";
			showEnvVarsInLog = 0;
		};
		A840C60E7C77546D5688010A /* 📦 Embed Pods Frameworks */ = {
			isa = PBXShellScriptBuildPhase;
			buildActionMask = 2147483647;
			files = (
			);
			inputPaths = (
			);
			name = "📦 Embed Pods Frameworks";
			outputPaths = (
			);
			runOnlyForDeploymentPostprocessing = 0;
			shellPath = /bin/sh;
			shellScript = "\"${SRCROOT}/Pods/Target Support Files/Pods-ParallexBanner_Example/Pods-ParallexBanner_Example-frameworks.sh\"\n";
			showEnvVarsInLog = 0;
		};
		B6B8D55F36E531D8CD885933 /* 📦 Check Pods Manifest.lock */ = {
			isa = PBXShellScriptBuildPhase;
			buildActionMask = 2147483647;
			files = (
			);
			inputPaths = (
			);
			name = "📦 Check Pods Manifest.lock";
			outputPaths = (
			);
			runOnlyForDeploymentPostprocessing = 0;
			shellPath = /bin/sh;
			shellScript = "diff \"${PODS_ROOT}/../Podfile.lock\" \"${PODS_ROOT}/Manifest.lock\" > /dev/null\nif [[ $? != 0 ]] ; then\n    cat << EOM\nerror: The sandbox is not in sync with the Podfile.lock. Run 'pod install' or update your CocoaPods installation.\nEOM\n    exit 1\nfi\n";
			showEnvVarsInLog = 0;
		};
/* End PBXShellScriptBuildPhase section */

/* Begin PBXSourcesBuildPhase section */
		607FACCC1AFB9204008FA782 /* Sources */ = {
			isa = PBXSourcesBuildPhase;
			buildActionMask = 2147483647;
			files = (
				524A26C81D474B1A00BDB306 /* StoryboardViewController.swift in Sources */,
				524A26C91D474B1A00BDB306 /* TableviewHeaderViewController.swift in Sources */,
				607FACD81AFB9204008FA782 /* ViewController.swift in Sources */,
				524A26C71D474B1A00BDB306 /* PureCodeViewController.swift in Sources */,
				524A26C61D474B1A00BDB306 /* MainTableViewController.swift in Sources */,
				607FACD61AFB9204008FA782 /* AppDelegate.swift in Sources */,
			);
			runOnlyForDeploymentPostprocessing = 0;
		};
/* End PBXSourcesBuildPhase section */

/* Begin PBXVariantGroup section */
		607FACDE1AFB9204008FA782 /* LaunchScreen.xib */ = {
			isa = PBXVariantGroup;
			children = (
				607FACDF1AFB9204008FA782 /* Base */,
			);
			name = LaunchScreen.xib;
			sourceTree = "<group>";
		};
/* End PBXVariantGroup section */

/* Begin XCBuildConfiguration section */
		607FACED1AFB9204008FA782 /* Debug */ = {
			isa = XCBuildConfiguration;
			buildSettings = {
				ALWAYS_SEARCH_USER_PATHS = NO;
				CLANG_CXX_LANGUAGE_STANDARD = "gnu++0x";
				CLANG_CXX_LIBRARY = "libc++";
				CLANG_ENABLE_MODULES = YES;
				CLANG_ENABLE_OBJC_ARC = YES;
				CLANG_WARN_BOOL_CONVERSION = YES;
				CLANG_WARN_CONSTANT_CONVERSION = YES;
				CLANG_WARN_DIRECT_OBJC_ISA_USAGE = YES_ERROR;
				CLANG_WARN_EMPTY_BODY = YES;
				CLANG_WARN_ENUM_CONVERSION = YES;
				CLANG_WARN_INT_CONVERSION = YES;
				CLANG_WARN_OBJC_ROOT_CLASS = YES_ERROR;
				CLANG_WARN_UNREACHABLE_CODE = YES;
				CLANG_WARN__DUPLICATE_METHOD_MATCH = YES;
				"CODE_SIGN_IDENTITY[sdk=iphoneos*]" = "iPhone Developer";
				COPY_PHASE_STRIP = NO;
				DEBUG_INFORMATION_FORMAT = "dwarf-with-dsym";
				ENABLE_STRICT_OBJC_MSGSEND = YES;
				ENABLE_TESTABILITY = YES;
				GCC_C_LANGUAGE_STANDARD = gnu99;
				GCC_DYNAMIC_NO_PIC = NO;
				GCC_NO_COMMON_BLOCKS = YES;
				GCC_OPTIMIZATION_LEVEL = 0;
				GCC_PREPROCESSOR_DEFINITIONS = (
					"DEBUG=1",
					"$(inherited)",
				);
				GCC_SYMBOLS_PRIVATE_EXTERN = NO;
				GCC_WARN_64_TO_32_BIT_CONVERSION = YES;
				GCC_WARN_ABOUT_RETURN_TYPE = YES_ERROR;
				GCC_WARN_UNDECLARED_SELECTOR = YES;
				GCC_WARN_UNINITIALIZED_AUTOS = YES_AGGRESSIVE;
				GCC_WARN_UNUSED_FUNCTION = YES;
				GCC_WARN_UNUSED_VARIABLE = YES;
				IPHONEOS_DEPLOYMENT_TARGET = 8.3;
				MTL_ENABLE_DEBUG_INFO = YES;
				ONLY_ACTIVE_ARCH = YES;
				SDKROOT = iphoneos;
				SWIFT_OPTIMIZATION_LEVEL = "-Onone";
			};
			name = Debug;
		};
		607FACEE1AFB9204008FA782 /* Release */ = {
			isa = XCBuildConfiguration;
			buildSettings = {
				ALWAYS_SEARCH_USER_PATHS = NO;
				CLANG_CXX_LANGUAGE_STANDARD = "gnu++0x";
				CLANG_CXX_LIBRARY = "libc++";
				CLANG_ENABLE_MODULES = YES;
				CLANG_ENABLE_OBJC_ARC = YES;
				CLANG_WARN_BOOL_CONVERSION = YES;
				CLANG_WARN_CONSTANT_CONVERSION = YES;
				CLANG_WARN_DIRECT_OBJC_ISA_USAGE = YES_ERROR;
				CLANG_WARN_EMPTY_BODY = YES;
				CLANG_WARN_ENUM_CONVERSION = YES;
				CLANG_WARN_INT_CONVERSION = YES;
				CLANG_WARN_OBJC_ROOT_CLASS = YES_ERROR;
				CLANG_WARN_UNREACHABLE_CODE = YES;
				CLANG_WARN__DUPLICATE_METHOD_MATCH = YES;
				"CODE_SIGN_IDENTITY[sdk=iphoneos*]" = "iPhone Developer";
				COPY_PHASE_STRIP = NO;
				DEBUG_INFORMATION_FORMAT = "dwarf-with-dsym";
				ENABLE_NS_ASSERTIONS = NO;
				ENABLE_STRICT_OBJC_MSGSEND = YES;
				GCC_C_LANGUAGE_STANDARD = gnu99;
				GCC_NO_COMMON_BLOCKS = YES;
				GCC_WARN_64_TO_32_BIT_CONVERSION = YES;
				GCC_WARN_ABOUT_RETURN_TYPE = YES_ERROR;
				GCC_WARN_UNDECLARED_SELECTOR = YES;
				GCC_WARN_UNINITIALIZED_AUTOS = YES_AGGRESSIVE;
				GCC_WARN_UNUSED_FUNCTION = YES;
				GCC_WARN_UNUSED_VARIABLE = YES;
				IPHONEOS_DEPLOYMENT_TARGET = 8.3;
				MTL_ENABLE_DEBUG_INFO = NO;
				SDKROOT = iphoneos;
				VALIDATE_PRODUCT = YES;
			};
			name = Release;
		};
		607FACF01AFB9204008FA782 /* Debug */ = {
			isa = XCBuildConfiguration;
			baseConfigurationReference = CE9B30DD6326E2D9F0B39D1F /* Pods-ParallexBanner_Example.debug.xcconfig */;
			buildSettings = {
				ASSETCATALOG_COMPILER_APPICON_NAME = AppIcon;
				INFOPLIST_FILE = ParallexBanner/Info.plist;
				LD_RUNPATH_SEARCH_PATHS = "$(inherited) @executable_path/Frameworks";
				MODULE_NAME = ExampleApp;
				PRODUCT_BUNDLE_IDENTIFIER = "org.cocoapods.demo.$(PRODUCT_NAME:rfc1034identifier)";
				PRODUCT_NAME = "$(TARGET_NAME)";
			};
			name = Debug;
		};
		607FACF11AFB9204008FA782 /* Release */ = {
			isa = XCBuildConfiguration;
			baseConfigurationReference = F15D8E6114942621A08B7E68 /* Pods-ParallexBanner_Example.release.xcconfig */;
			buildSettings = {
				ASSETCATALOG_COMPILER_APPICON_NAME = AppIcon;
				INFOPLIST_FILE = ParallexBanner/Info.plist;
				LD_RUNPATH_SEARCH_PATHS = "$(inherited) @executable_path/Frameworks";
				MODULE_NAME = ExampleApp;
				PRODUCT_BUNDLE_IDENTIFIER = "org.cocoapods.demo.$(PRODUCT_NAME:rfc1034identifier)";
				PRODUCT_NAME = "$(TARGET_NAME)";
			};
			name = Release;
		};
/* End XCBuildConfiguration section */

/* Begin XCConfigurationList section */
		607FACCB1AFB9204008FA782 /* Build configuration list for PBXProject "ParallexBanner" */ = {
			isa = XCConfigurationList;
			buildConfigurations = (
				607FACED1AFB9204008FA782 /* Debug */,
				607FACEE1AFB9204008FA782 /* Release */,
			);
			defaultConfigurationIsVisible = 0;
			defaultConfigurationName = Release;
		};
		607FACEF1AFB9204008FA782 /* Build configuration list for PBXNativeTarget "ParallexBanner_Example" */ = {
			isa = XCConfigurationList;
			buildConfigurations = (
				607FACF01AFB9204008FA782 /* Debug */,
				607FACF11AFB9204008FA782 /* Release */,
			);
			defaultConfigurationIsVisible = 0;
			defaultConfigurationName = Release;
		};
/* End XCConfigurationList section */
	};
	rootObject = 607FACC81AFB9204008FA782 /* Project object */;
}
